{
  "requires": true,
  "lockfileVersion": 1,
  "dependencies": {
    "dom7": {
      "version": "3.0.0",
      "resolved": "https://registry.npm.taobao.org/dom7/download/dom7-3.0.0.tgz",
      "integrity": "sha1-uGHOXWemvs16qjrQKUL/FLEkAzE=",
      "requires": {
        "ssr-window": "^3.0.0-alpha.1"
      }
    },
    "ssr-window": {
      "version": "3.0.0",
      "resolved": "https://registry.npm.taobao.org/ssr-window/download/ssr-window-3.0.0.tgz",
      "integrity": "sha1-/VuCgBY4lD4MxwTEaRgBQ1r3rDc="
    },
    "swiper": {
      "version": "6.5.6",
      "resolved": "https://registry.npm.taobao.org/swiper/download/swiper-6.5.6.tgz?cache=0&sync_timestamp=1617959238136&other_urls=https%3A%2F%2Fregistry.npm.taobao.org%2Fswiper%2Fdownload%2Fswiper-6.5.6.tgz",
      "integrity": "sha1-TR3FzRJGlt12WBjySEoeyODT07w=",
      "requires": {
        "dom7": "^3.0.0",
        "ssr-window": "^3.0.0"
      }
    },
    "vue-awesome-swiper": {
      "version": "4.1.1",
      "resolved": "https://registry.npm.taobao.org/vue-awesome-swiper/download/vue-awesome-swiper-4.1.1.tgz",
      "integrity": "sha1-j3qyIa0AMCHXVrhqphj0KZJJAP4="
    }
  }
}
